
Microsoft Visual Studio Solution File, Format Version 12.00
# Visual Studio Version 16
VisualStudioVersion = 16.0.29613.14
MinimumVisualStudioVersion = 10.0.40219.1
Project("{9A19103F-16F7-4668-BE54-9A1E7A4F7556}") = "csharpsolutions", "csharpsolutions\csharpsolutions.csproj", "{601FC89B-904C-4A29-937B-D0825C6B8C39}"
EndProject
Project("{8BC9CEB8-8B4A-11D0-8D11-00A0C91BC942}") = "cppsolutions", "cppsolutions\cppsolutions.vcxproj", "{1FECFD62-ED8F-4A23-B637-D6510A99F302}"
EndProject
Project("{FAE04EC0-301F-11D3-BF4B-00C04F79EFBC}") = "csharpproject", "csharpproject\csharpproject.csproj", "{F7EAE994-73CC-4A87-8AC6-8481E1BBCBB2}"
EndProject
Global
	GlobalSection(SolutionConfigurationPlatforms) = preSolution
		Debug|Any CPU = Debug|Any CPU
		Debug|x64 = Debug|x64
		Debug|x86 = Debug|x86
		Release|Any CPU = Release|Any CPU
		Release|x64 = Release|x64
		Release|x86 = Release|x86
	EndGlobalSection
	GlobalSection(ProjectConfigurationPlatforms) = postSolution
		{601FC89B-904C-4A29-937B-D0825C6B8C39}.Debug|Any CPU.ActiveCfg = Debug|Any CPU
		{601FC89B-904C-4A29-937B-D0825C6B8C39}.Debug|Any CPU.Build.0 = Debug|Any CPU
		{601FC89B-904C-4A29-937B-D0825C6B8C39}.Debug|x64.ActiveCfg = Debug|Any CPU
		{601FC89B-904C-4A29-937B-D0825C6B8C39}.Debug|x64.Build.0 = Debug|Any CPU
		{601FC89B-904C-4A29-937B-D0825C6B8C39}.Debug|x86.ActiveCfg = Debug|Any CPU
		{601FC89B-904C-4A29-937B-D0825C6B8C39}.Debug|x86.Build.0 = Debug|Any CPU
		{601FC89B-904C-4A29-937B-D0825C6B8C39}.Release|Any CPU.ActiveCfg = Release|Any CPU
		{601FC89B-904C-4A29-937B-D0825C6B8C39}.Release|Any CPU.Build.0 = Release|Any CPU
		{601FC89B-904C-4A29-937B-D0825C6B8C39}.Release|x64.ActiveCfg = Release|Any CPU
		{601FC89B-904C-4A29-937B-D0825C6B8C39}.Release|x64.Build.0 = Release|Any CPU
		{601FC89B-904C-4A29-937B-D0825C6B8C39}.Release|x86.ActiveCfg = Release|Any CPU
		{601FC89B-904C-4A29-937B-D0825C6B8C39}.Release|x86.Build.0 = Release|Any CPU
		{1FECFD62-ED8F-4A23-B637-D6510A99F302}.Debug|Any CPU.ActiveCfg = Debug|Win32
		{1FECFD62-ED8F-4A23-B637-D6510A99F302}.Debug|x64.ActiveCfg = Debug|x64
		{1FECFD62-ED8F-4A23-B637-D6510A99F302}.Debug|x64.Build.0 = Debug|x64
		{1FECFD62-ED8F-4A23-B637-D6510A99F302}.Debug|x86.ActiveCfg = Debug|Win32
		{1FECFD62-ED8F-4A23-B637-D6510A99F302}.Debug|x86.Build.0 = Debug|Win32
		{1FECFD62-ED8F-4A23-B637-D6510A99F302}.Release|Any CPU.ActiveCfg = Release|Win32
		{1FECFD62-ED8F-4A23-B637-D6510A99F302}.Release|x64.ActiveCfg = Release|x64
		{1FECFD62-ED8F-4A23-B637-D6510A99F302}.Release|x64.Build.0 = Release|x64
		{1FECFD62-ED8F-4A23-B637-D6510A99F302}.Release|x86.ActiveCfg = Release|Win32
		{1FECFD62-ED8F-4A23-B637-D6510A99F302}.Release|x86.Build.0 = Release|Win32
		{F7EAE994-73CC-4A87-8AC6-8481E1BBCBB2}.Debug|Any CPU.ActiveCfg = Debug|Any CPU
		{F7EAE994-73CC-4A87-8AC6-8481E1BBCBB2}.Debug|Any CPU.Build.0 = Debug|Any CPU
		{F7EAE994-73CC-4A87-8AC6-8481E1BBCBB2}.Debug|x64.ActiveCfg = Debug|Any CPU
		{F7EAE994-73CC-4A87-8AC6-8481E1BBCBB2}.Debug|x64.Build.0 = Debug|Any CPU
		{F7EAE994-73CC-4A87-8AC6-8481E1BBCBB2}.Debug|x86.ActiveCfg = Debug|Any CPU
		{F7EAE994-73CC-4A87-8AC6-8481E1BBCBB2}.Debug|x86.Build.0 = Debug|Any CPU
		{F7EAE994-73CC-4A87-8AC6-8481E1BBCBB2}.Release|Any CPU.ActiveCfg = Release|Any CPU
		{F7EAE994-73CC-4A87-8AC6-8481E1BBCBB2}.Release|Any CPU.Build.0 = Release|Any CPU
		{F7EAE994-73CC-4A87-8AC6-8481E1BBCBB2}.Release|x64.ActiveCfg = Release|Any CPU
		{F7EAE994-73CC-4A87-8AC6-8481E1BBCBB2}.Release|x64.Build.0 = Release|Any CPU
		{F7EAE994-73CC-4A87-8AC6-8481E1BBCBB2}.Release|x86.ActiveCfg = Release|Any CPU
		{F7EAE994-73CC-4A87-8AC6-8481E1BBCBB2}.Release|x86.Build.0 = Release|Any CPU
	EndGlobalSection
	GlobalSection(SolutionProperties) = preSolution
		HideSolutionNode = FALSE
	EndGlobalSection
	GlobalSection(ExtensibilityGlobals) = postSolution
		SolutionGuid = {CE707EF9-B8B4-4855-A292-18B0404CC303}
	EndGlobalSection
EndGlobal
